// !$*UTF8*$!
{
	archiveVersion = 1;
	classes = {
	};
	objectVersion = 56;
	objects = {

/* Begin PBXBuildFile section */
		BC57CD712C3D8926003D0266 /* BoredSUIApp.swift in Sources */ = {isa = PBXBuildFile; fileRef = BC57CD702C3D8926003D0266 /* BoredSUIApp.swift */; };
		BC57CD732C3D8926003D0266 /* ContentView.swift in Sources */ = {isa = PBXBuildFile; fileRef = BC57CD722C3D8926003D0266 /* ContentView.swift */; };
		BC57CD752C3D8929003D0266 /* Assets.xcassets in Resources */ = {isa = PBXBuildFile; fileRef = BC57CD742C3D8929003D0266 /* Assets.xcassets */; };
		BC57CD782C3D8929003D0266 /* Preview Assets.xcassets in Resources */ = {isa = PBXBuildFile; fileRef = BC57CD772C3D8929003D0266 /* Preview Assets.xcassets */; };
		BC57CD822C3D8929003D0266 /* BoredSUITests.swift in Sources */ = {isa = PBXBuildFile; fileRef = BC57CD812C3D8929003D0266 /* BoredSUITests.swift */; };
		BC57CD8C2C3D8929003D0266 /* BoredSUIUITests.swift in Sources */ = {isa = PBXBuildFile; fileRef = BC57CD8B2C3D8929003D0266 /* BoredSUIUITests.swift */; };
		BC57CD8E2C3D8929003D0266 /* BoredSUIUITestsLaunchTests.swift in Sources */ = {isa = PBXBuildFile; fileRef = BC57CD8D2C3D8929003D0266 /* BoredSUIUITestsLaunchTests.swift */; };
		BC57CD9B2C3D906E003D0266 /* AdviceModel.swift in Sources */ = {isa = PBXBuildFile; fileRef = BC57CD9A2C3D906E003D0266 /* AdviceModel.swift */; };
		BC57CD9D2C3D9150003D0266 /* BoredViewModel.swift in Sources */ = {isa = PBXBuildFile; fileRef = BC57CD9C2C3D9150003D0266 /* BoredViewModel.swift */; };
/* End PBXBuildFile section */

/* Begin PBXContainerItemProxy section */
		BC57CD7E2C3D8929003D0266 /* PBXContainerItemProxy */ = {
			isa = PBXContainerItemProxy;
			containerPortal = BC57CD652C3D8926003D0266 /* Project object */;
			proxyType = 1;
			remoteGlobalIDString = BC57CD6C2C3D8926003D0266;
			remoteInfo = BoredSUI;
		};
		BC57CD882C3D8929003D0266 /* PBXContainerItemProxy */ = {
			isa = PBXContainerItemProxy;
			containerPortal = BC57CD652C3D8926003D0266 /* Project object */;
			proxyType = 1;
			remoteGlobalIDString = BC57CD6C2C3D8926003D0266;
			remoteInfo = BoredSUI;
		};
/* End PBXContainerItemProxy section */

/* Begin PBXFileReference section */
		BC57CD6D2C3D8926003D0266 /* BoredSUI.app */ = {isa = PBXFileReference; explicitFileType = wrapper.application; includeInIndex = 0; path = BoredSUI.app; sourceTree = BUILT_PRODUCTS_DIR; };
		BC57CD702C3D8926003D0266 /* BoredSUIApp.swift */ = {isa = PBXFileReference; lastKnownFileType = sourcecode.swift; path = BoredSUIApp.swift; sourceTree = "<group>"; };
		BC57CD722C3D8926003D0266 /* ContentView.swift */ = {isa = PBXFileReference; lastKnownFileType = sourcecode.swift; path = ContentView.swift; sourceTree = "<group>"; };
		BC57CD742C3D8929003D0266 /* Assets.xcassets */ = {isa = PBXFileReference; lastKnownFileType = folder.assetcatalog; path = Assets.xcassets; sourceTree = "<group>"; };
		BC57CD772C3D8929003D0266 /* Preview Assets.xcassets */ = {isa = PBXFileReference; lastKnownFileType = folder.assetcatalog; path = "Preview Assets.xcassets"; sourceTree = "<group>"; };
		BC57CD7D2C3D8929003D0266 /* BoredSUITests.xctest */ = {isa = PBXFileReference; explicitFileType = wrapper.cfbundle; includeInIndex = 0; path = BoredSUITests.xctest; sourceTree = BUILT_PRODUCTS_DIR; };
		BC57CD812C3D8929003D0266 /* BoredSUITests.swift */ = {isa = PBXFileReference; lastKnownFileType = sourcecode.swift; path = BoredSUITests.swift; sourceTree = "<group>"; };
		BC57CD872C3D8929003D0266 /* BoredSUIUITests.xctest */ = {isa = PBXFileReference; explicitFileType = wrapper.cfbundle; includeInIndex = 0; path = BoredSUIUITests.xctest; sourceTree = BUILT_PRODUCTS_DIR; };
		BC57CD8B2C3D8929003D0266 /* BoredSUIUITests.swift */ = {isa = PBXFileReference; lastKnownFileType = sourcecode.swift; path = BoredSUIUITests.swift; sourceTree = "<group>"; };
		BC57CD8D2C3D8929003D0266 /* BoredSUIUITestsLaunchTests.swift */ = {isa = PBXFileReference; lastKnownFileType = sourcecode.swift; path = BoredSUIUITestsLaunchTests.swift; sourceTree = "<group>"; };
		BC57CD9A2C3D906E003D0266 /* AdviceModel.swift */ = {isa = PBXFileReference; lastKnownFileType = sourcecode.swift; path = AdviceModel.swift; sourceTree = "<group>"; };
		BC57CD9C2C3D9150003D0266 /* BoredViewModel.swift */ = {isa = PBXFileReference; lastKnownFileType = sourcecode.swift; path = BoredViewModel.swift; sourceTree = "<group>"; };
/* End PBXFileReference section */

/* Begin PBXFrameworksBuildPhase section */
		BC57CD6A2C3D8926003D0266 /* Frameworks */ = {
			isa = PBXFrameworksBuildPhase;
			buildActionMask = 2147483647;
			files = (
			);
			runOnlyForDeploymentPostprocessing = 0;
		};
		BC57CD7A2C3D8929003D0266 /* Frameworks */ = {
			isa = PBXFrameworksBuildPhase;
			buildActionMask = 2147483647;
			files = (
			);
			runOnlyForDeploymentPostprocessing = 0;
		};
		BC57CD842C3D8929003D0266 /* Frameworks */ = {
			isa = PBXFrameworksBuildPhase;
			buildActionMask = 2147483647;
			files = (
			);
			runOnlyForDeploymentPostprocessing = 0;
		};
/* End PBXFrameworksBuildPhase section */

/* Begin PBXGroup section */
		BC57CD642C3D8926003D0266 = {
			isa = PBXGroup;
			children = (
				BC57CD6F2C3D8926003D0266 /* BoredSUI */,
				BC57CD802C3D8929003D0266 /* BoredSUITests */,
				BC57CD8A2C3D8929003D0266 /* BoredSUIUITests */,
				BC57CD6E2C3D8926003D0266 /* Products */,
			);
			sourceTree = "<group>";
		};
		BC57CD6E2C3D8926003D0266 /* Products */ = {
			isa = PBXGroup;
			children = (
				BC57CD6D2C3D8926003D0266 /* BoredSUI.app */,
				BC57CD7D2C3D8929003D0266 /* BoredSUITests.xctest */,
				BC57CD872C3D8929003D0266 /* BoredSUIUITests.xctest */,
			);
			name = Products;
			sourceTree = "<group>";
		};
		BC57CD6F2C3D8926003D0266 /* BoredSUI */ = {
			isa = PBXGroup;
			children = (
				BC57CD702C3D8926003D0266 /* BoredSUIApp.swift */,
				BC57CD722C3D8926003D0266 /* ContentView.swift */,
				BC57CD9A2C3D906E003D0266 /* AdviceModel.swift */,
				BC57CD9C2C3D9150003D0266 /* BoredViewModel.swift */,
				BC57CD742C3D8929003D0266 /* Assets.xcassets */,
				BC57CD762C3D8929003D0266 /* Preview Content */,
			);
			path = BoredSUI;
			sourceTree = "<group>";
		};
		BC57CD762C3D8929003D0266 /* Preview Content */ = {
			isa = PBXGroup;
			children = (
				BC57CD772C3D8929003D0266 /* Preview Assets.xcassets */,
			);
			path = "Preview Content";
			sourceTree = "<group>";
		};
		BC57CD802C3D8929003D0266 /* BoredSUITests */ = {
			isa = PBXGroup;
			children = (
				BC57CD812C3D8929003D0266 /* BoredSUITests.swift */,
			);
			path = BoredSUITests;
			sourceTree = "<group>";
		};
		BC57CD8A2C3D8929003D0266 /* BoredSUIUITests */ = {
			isa = PBXGroup;
			children = (
				BC57CD8B2C3D8929003D0266 /* BoredSUIUITests.swift */,
				BC57CD8D2C3D8929003D0266 /* BoredSUIUITestsLaunchTests.swift */,
			);
			path = BoredSUIUITests;
			sourceTree = "<group>";
		};
/* End PBXGroup section */

/* Begin PBXNativeTarget section */
		BC57CD6C2C3D8926003D0266 /* BoredSUI */ = {
			isa = PBXNativeTarget;
			buildConfigurationList = BC57CD912C3D8929003D0266 /* Build configuration list for PBXNativeTarget "BoredSUI" */;
			buildPhases = (
				BC57CD692C3D8926003D0266 /* Sources */,
				BC57CD6A2C3D8926003D0266 /* Frameworks */,
				BC57CD6B2C3D8926003D0266 /* Resources */,
			);
			buildRules = (
			);
			dependencies = (
			);
			name = BoredSUI;
			productName = BoredSUI;
			productReference = BC57CD6D2C3D8926003D0266 /* BoredSUI.app */;
			productType = "com.apple.product-type.application";
		};
		BC57CD7C2C3D8929003D0266 /* BoredSUITests */ = {
			isa = PBXNativeTarget;
			buildConfigurationList = BC57CD942C3D8929003D0266 /* Build configuration list for PBXNativeTarget "BoredSUITests" */;
			buildPhases = (
				BC57CD792C3D8929003D0266 /* Sources */,
				BC57CD7A2C3D8929003D0266 /* Frameworks */,
				BC57CD7B2C3D8929003D0266 /* Resources */,
			);
			buildRules = (
			);
			dependencies = (
				BC57CD7F2C3D8929003D0266 /* PBXTargetDependency */,
			);
			name = BoredSUITests;
			productName = BoredSUITests;
			productReference = BC57CD7D2C3D8929003D0266 /* BoredSUITests.xctest */;
			productType = "com.apple.product-type.bundle.unit-test";
		};
		BC57CD862C3D8929003D0266 /* BoredSUIUITests */ = {
			isa = PBXNativeTarget;
			buildConfigurationList = BC57CD972C3D8929003D0266 /* Build configuration list for PBXNativeTarget "BoredSUIUITests" */;
			buildPhases = (
				BC57CD832C3D8929003D0266 /* Sources */,
				BC57CD842C3D8929003D0266 /* Frameworks */,
				BC57CD852C3D8929003D0266 /* Resources */,
			);
			buildRules = (
			);
			dependencies = (
				BC57CD892C3D8929003D0266 /* PBXTargetDependency */,
			);
			name = BoredSUIUITests;
			productName = BoredSUIUITests;
			productReference = BC57CD872C3D8929003D0266 /* BoredSUIUITests.xctest */;
			productType = "com.apple.product-type.bundle.ui-testing";
		};
/* End PBXNativeTarget section */

/* Begin PBXProject section */
		BC57CD652C3D8926003D0266 /* Project object */ = {
			isa = PBXProject;
			attributes = {
				BuildIndependentTargetsInParallel = 1;
				LastSwiftUpdateCheck = 1500;
				LastUpgradeCheck = 1500;
				TargetAttributes = {
					BC57CD6C2C3D8926003D0266 = {
						CreatedOnToolsVersion = 15.0.1;
					};
					BC57CD7C2C3D8929003D0266 = {
						CreatedOnToolsVersion = 15.0.1;
						TestTargetID = BC57CD6C2C3D8926003D0266;
					};
					BC57CD862C3D8929003D0266 = {
						CreatedOnToolsVersion = 15.0.1;
						TestTargetID = BC57CD6C2C3D8926003D0266;
					};
				};
			};
			buildConfigurationList = BC57CD682C3D8926003D0266 /* Build configuration list for PBXProject "BoredSUI" */;
			compatibilityVersion = "Xcode 14.0";
			developmentRegion = en;
			hasScannedForEncodings = 0;
			knownRegions = (
				en,
				Base,
			);
			mainGroup = BC57CD642C3D8926003D0266;
			productRefGroup = BC57CD6E2C3D8926003D0266 /* Products */;
			projectDirPath = "";
			projectRoot = "";
			targets = (
				BC57CD6C2C3D8926003D0266 /* BoredSUI */,
				BC57CD7C2C3D8929003D0266 /* BoredSUITests */,
				BC57CD862C3D8929003D0266 /* BoredSUIUITests */,
			);
		};
/* End PBXProject section */

/* Begin PBXResourcesBuildPhase section */
		BC57CD6B2C3D8926003D0266 /* Resources */ = {
			isa = PBXResourcesBuildPhase;
			buildActionMask = 2147483647;
			files = (
				BC57CD782C3D8929003D0266 /* Preview Assets.xcassets in Resources */,
				BC57CD752C3D8929003D0266 /* Assets.xcassets in Resources */,
			);
			runOnlyForDeploymentPostprocessing = 0;
		};
		BC57CD7B2C3D8929003D0266 /* Resources */ = {
			isa = PBXResourcesBuildPhase;
			buildActionMask = 2147483647;
			files = (
			);
			runOnlyForDeploymentPostprocessing = 0;
		};
		BC57CD852C3D8929003D0266 /* Resources */ = {
			isa = PBXResourcesBuildPhase;
			buildActionMask = 2147483647;
			files = (
			);
			runOnlyForDeploymentPostprocessing = 0;
		};
/* End PBXResourcesBuildPhase section */

/* Begin PBXSourcesBuildPhase section */
		BC57CD692C3D8926003D0266 /* Sources */ = {
			isa = PBXSourcesBuildPhase;
			buildActionMask = 2147483647;
			files = (
				BC57CD732C3D8926003D0266 /* ContentView.swift in Sources */,
				BC57CD712C3D8926003D0266 /* BoredSUIApp.swift in Sources */,
				BC57CD9B2C3D906E003D0266 /* AdviceModel.swift in Sources */,
				BC57CD9D2C3D9150003D0266 /* BoredViewModel.swift in Sources */,
			);
			runOnlyForDeploymentPostprocessing = 0;
		};
		BC57CD792C3D8929003D0266 /* Sources */ = {
			isa = PBXSourcesBuildPhase;
			buildActionMask = 2147483647;
			files = (
				BC57CD822C3D8929003D0266 /* BoredSUITests.swift in Sources */,
			);
			runOnlyForDeploymentPostprocessing = 0;
		};
		BC57CD832C3D8929003D0266 /* Sources */ = {
			isa = PBXSourcesBuildPhase;
			buildActionMask = 2147483647;
			files = (
				BC57CD8E2C3D8929003D0266 /* BoredSUIUITestsLaunchTests.swift in Sources */,
				BC57CD8C2C3D8929003D0266 /* BoredSUIUITests.swift in Sources */,
			);
			runOnlyForDeploymentPostprocessing = 0;
		};
/* End PBXSourcesBuildPhase section */

/* Begin PBXTargetDependency section */
		BC57CD7F2C3D8929003D0266 /* PBXTargetDependency */ = {
			isa = PBXTargetDependency;
			target = BC57CD6C2C3D8926003D0266 /* BoredSUI */;
			targetProxy = BC57CD7E2C3D8929003D0266 /* PBXContainerItemProxy */;
		};
		BC57CD892C3D8929003D0266 /* PBXTargetDependency */ = {
			isa = PBXTargetDependency;
			target = BC57CD6C2C3D8926003D0266 /* BoredSUI */;
			targetProxy = BC57CD882C3D8929003D0266 /* PBXContainerItemProxy */;
		};
/* End PBXTargetDependency section */

/* Begin XCBuildConfiguration section */
		BC57CD8F2C3D8929003D0266 /* Debug */ = {
			isa = XCBuildConfiguration;
			buildSettings = {
				ALWAYS_SEARCH_USER_PATHS = NO;
				ASSETCATALOG_COMPILER_GENERATE_SWIFT_ASSET_SYMBOL_EXTENSIONS = YES;
				CLANG_ANALYZER_NONNULL = YES;
				CLANG_ANALYZER_NUMBER_OBJECT_CONVERSION = YES_AGGRESSIVE;
				CLANG_CXX_LANGUAGE_STANDARD = "gnu++20";
				CLANG_ENABLE_MODULES = YES;
				CLANG_ENABLE_OBJC_ARC = YES;
				CLANG_ENABLE_OBJC_WEAK = YES;
				CLANG_WARN_BLOCK_CAPTURE_AUTORELEASING = YES;
				CLANG_WARN_BOOL_CONVERSION = YES;
				CLANG_WARN_COMMA = YES;
				CLANG_WARN_CONSTANT_CONVERSION = YES;
				CLANG_WARN_DEPRECATED_OBJC_IMPLEMENTATIONS = YES;
				CLANG_WARN_DIRECT_OBJC_ISA_USAGE = YES_ERROR;
				CLANG_WARN_DOCUMENTATION_COMMENTS = YES;
				CLANG_WARN_EMPTY_BODY = YES;
				CLANG_WARN_ENUM_CONVERSION = YES;
				CLANG_WARN_INFINITE_RECURSION = YES;
				CLANG_WARN_INT_CONVERSION = YES;
				CLANG_WARN_NON_LITERAL_NULL_CONVERSION = YES;
				CLANG_WARN_OBJC_IMPLICIT_RETAIN_SELF = YES;
				CLANG_WARN_OBJC_LITERAL_CONVERSION = YES;
				CLANG_WARN_OBJC_ROOT_CLASS = YES_ERROR;
				CLANG_WARN_QUOTED_INCLUDE_IN_FRAMEWORK_HEADER = YES;
				CLANG_WARN_RANGE_LOOP_ANALYSIS = YES;
				CLANG_WARN_STRICT_PROTOTYPES = YES;
				CLANG_WARN_SUSPICIOUS_MOVE = YES;
				CLANG_WARN_UNGUARDED_AVAILABILITY = YES_AGGRESSIVE;
				CLANG_WARN_UNREACHABLE_CODE = YES;
				CLANG_WARN__DUPLICATE_METHOD_MATCH = YES;
				COPY_PHASE_STRIP = NO;
				DEBUG_INFORMATION_FORMAT = dwarf;
				ENABLE_STRICT_OBJC_MSGSEND = YES;
				ENABLE_TESTABILITY = YES;
				ENABLE_USER_SCRIPT_SANDBOXING = YES;
				GCC_C_LANGUAGE_STANDARD = gnu17;
				GCC_DYNAMIC_NO_PIC = NO;
				GCC_NO_COMMON_BLOCKS = YES;
				GCC_OPTIMIZATION_LEVEL = 0;
				GCC_PREPROCESSOR_DEFINITIONS = (
					"DEBUG=1",
					"$(inherited)",
				);
				GCC_WARN_64_TO_32_BIT_CONVERSION = YES;
				GCC_WARN_ABOUT_RETURN_TYPE = YES_ERROR;
				GCC_WARN_UNDECLARED_SELECTOR = YES;
				GCC_WARN_UNINITIALIZED_AUTOS = YES_AGGRESSIVE;
				GCC_WARN_UNUSED_FUNCTION = YES;
				GCC_WARN_UNUSED_VARIABLE = YES;
				IPHONEOS_DEPLOYMENT_TARGET = 17.0;
				LOCALIZATION_PREFERS_STRING_CATALOGS = YES;
				MTL_ENABLE_DEBUG_INFO = INCLUDE_SOURCE;
				MTL_FAST_MATH = YES;
				ONLY_ACTIVE_ARCH = YES;
				SDKROOT = iphoneos;
				SWIFT_ACTIVE_COMPILATION_CONDITIONS = "DEBUG $(inherited)";
				SWIFT_OPTIMIZATION_LEVEL = "-Onone";
			};
			name = Debug;
		};
		BC57CD902C3D8929003D0266 /* Release */ = {
			isa = XCBuildConfiguration;
			buildSettings = {
				ALWAYS_SEARCH_USER_PATHS = NO;
				ASSETCATALOG_COMPILER_GENERATE_SWIFT_ASSET_SYMBOL_EXTENSIONS = YES;
				CLANG_ANALYZER_NONNULL = YES;
				CLANG_ANALYZER_NUMBER_OBJECT_CONVERSION = YES_AGGRESSIVE;
				CLANG_CXX_LANGUAGE_STANDARD = "gnu++20";
				CLANG_ENABLE_MODULES = YES;
				CLANG_ENABLE_OBJC_ARC = YES;
				CLANG_ENABLE_OBJC_WEAK = YES;
				CLANG_WARN_BLOCK_CAPTURE_AUTORELEASING = YES;
				CLANG_WARN_BOOL_CONVERSION = YES;
				CLANG_WARN_COMMA = YES;
				CLANG_WARN_CONSTANT_CONVERSION = YES;
				CLANG_WARN_DEPRECATED_OBJC_IMPLEMENTATIONS = YES;
				CLANG_WARN_DIRECT_OBJC_ISA_USAGE = YES_ERROR;
				CLANG_WARN_DOCUMENTATION_COMMENTS = YES;
				CLANG_WARN_EMPTY_BODY = YES;
				CLANG_WARN_ENUM_CONVERSION = YES;
				CLANG_WARN_INFINITE_RECURSION = YES;
				CLANG_WARN_INT_CONVERSION = YES;
				CLANG_WARN_NON_LITERAL_NULL_CONVERSION = YES;
				CLANG_WARN_OBJC_IMPLICIT_RETAIN_SELF = YES;
				CLANG_WARN_OBJC_LITERAL_CONVERSION = YES;
				CLANG_WARN_OBJC_ROOT_CLASS = YES_ERROR;
				CLANG_WARN_QUOTED_INCLUDE_IN_FRAMEWORK_HEADER = YES;
				CLANG_WARN_RANGE_LOOP_ANALYSIS = YES;
				CLANG_WARN_STRICT_PROTOTYPES = YES;
				CLANG_WARN_SUSPICIOUS_MOVE = YES;
				CLANG_WARN_UNGUARDED_AVAILABILITY = YES_AGGRESSIVE;
				CLANG_WARN_UNREACHABLE_CODE = YES;
				CLANG_WARN__DUPLICATE_METHOD_MATCH = YES;
				COPY_PHASE_STRIP = NO;
				DEBUG_INFORMATION_FORMAT = "dwarf-with-dsym";
				ENABLE_NS_ASSERTIONS = NO;
				ENABLE_STRICT_OBJC_MSGSEND = YES;
				ENABLE_USER_SCRIPT_SANDBOXING = YES;
				GCC_C_LANGUAGE_STANDARD = gnu17;
				GCC_NO_COMMON_BLOCKS = YES;
				GCC_WARN_64_TO_32_BIT_CONVERSION = YES;
				GCC_WARN_ABOUT_RETURN_TYPE = YES_ERROR;
				GCC_WARN_UNDECLARED_SELECTOR = YES;
				GCC_WARN_UNINITIALIZED_AUTOS = YES_AGGRESSIVE;
				GCC_WARN_UNUSED_FUNCTION = YES;
				GCC_WARN_UNUSED_VARIABLE = YES;
				IPHONEOS_DEPLOYMENT_TARGET = 17.0;
				LOCALIZATION_PREFERS_STRING_CATALOGS = YES;
				MTL_ENABLE_DEBUG_INFO = NO;
				MTL_FAST_MATH = YES;
				SDKROOT = iphoneos;
				SWIFT_COMPILATION_MODE = wholemodule;
				VALIDATE_PRODUCT = YES;
			};
			name = Release;
		};
		BC57CD922C3D8929003D0266 /* Debug */ = {
			isa = XCBuildConfiguration;
			buildSettings = {
				ASSETCATALOG_COMPILER_APPICON_NAME = AppIcon;
				ASSETCATALOG_COMPILER_GLOBAL_ACCENT_COLOR_NAME = AccentColor;
				CODE_SIGN_STYLE = Automatic;
				CURRENT_PROJECT_VERSION = 1;
				DEVELOPMENT_ASSET_PATHS = "\"BoredSUI/Preview Content\"";
				DEVELOPMENT_TEAM = A8BJCM354Q;
				ENABLE_PREVIEWS = YES;
				GENERATE_INFOPLIST_FILE = YES;
				INFOPLIST_KEY_UIApplicationSceneManifest_Generation = YES;
				INFOPLIST_KEY_UIApplicationSupportsIndirectInputEvents = YES;
				INFOPLIST_KEY_UILaunchScreen_Generation = YES;
				INFOPLIST_KEY_UISupportedInterfaceOrientations_iPad = "UIInterfaceOrientationPortrait UIInterfaceOrientationPortraitUpsideDown UIInterfaceOrientationLandscapeLeft UIInterfaceOrientationLandscapeRight";
				INFOPLIST_KEY_UISupportedInterfaceOrientations_iPhone = "UIInterfaceOrientationPortrait UIInterfaceOrientationLandscapeLeft UIInterfaceOrientationLandscapeRight";
				LD_RUNPATH_SEARCH_PATHS = (
					"$(inherited)",
					"@executable_path/Frameworks",
				);
				MARKETING_VERSION = 1.0;
				PRODUCT_BUNDLE_IDENTIFIER = com.palabiyik.BoredSUI;
				PRODUCT_NAME = "$(TARGET_NAME)";
				SWIFT_EMIT_LOC_STRINGS = YES;
				SWIFT_VERSION = 5.0;
				TARGETED_DEVICE_FAMILY = "1,2";
			};
			name = Debug;
		};
		BC57CD932C3D8929003D0266 /* Release */ = {
			isa = XCBuildConfiguration;
			buildSettings = {
				ASSETCATALOG_COMPILER_APPICON_NAME = AppIcon;
				ASSETCATALOG_COMPILER_GLOBAL_ACCENT_COLOR_NAME = AccentColor;
				CODE_SIGN_STYLE = Automatic;
				CURRENT_PROJECT_VERSION = 1;
				DEVELOPMENT_ASSET_PATHS = "\"BoredSUI/Preview Content\"";
				DEVELOPMENT_TEAM = A8BJCM354Q;
				ENABLE_PREVIEWS = YES;
				GENERATE_INFOPLIST_FILE = YES;
				INFOPLIST_KEY_UIApplicationSceneManifest_Generation = YES;
				INFOPLIST_KEY_UIApplicationSupportsIndirectInputEvents = YES;
				INFOPLIST_KEY_UILaunchScreen_Generation = YES;
				INFOPLIST_KEY_UISupportedInterfaceOrientations_iPad = "UIInterfaceOrientationPortrait UIInterfaceOrientationPortraitUpsideDown UIInterfaceOrientationLandscapeLeft UIInterfaceOrientationLandscapeRight";
				INFOPLIST_KEY_UISupportedInterfaceOrientations_iPhone = "UIInterfaceOrientationPortrait UIInterfaceOrientationLandscapeLeft UIInterfaceOrientationLandscapeRight";
				LD_RUNPATH_SEARCH_PATHS = (
					"$(inherited)",
					"@executable_path/Frameworks",
				);
				MARKETING_VERSION = 1.0;
				PRODUCT_BUNDLE_IDENTIFIER = com.palabiyik.BoredSUI;
				PRODUCT_NAME = "$(TARGET_NAME)";
				SWIFT_EMIT_LOC_STRINGS = YES;
				SWIFT_VERSION = 5.0;
				TARGETED_DEVICE_FAMILY = "1,2";
			};
			name = Release;
		};
		BC57CD952C3D8929003D0266 /* Debug */ = {
			isa = XCBuildConfiguration;
			buildSettings = {
				ALWAYS_EMBED_SWIFT_STANDARD_LIBRARIES = YES;
				BUNDLE_LOADER = "$(TEST_HOST)";
				CODE_SIGN_STYLE = Automatic;
				CURRENT_PROJECT_VERSION = 1;
				DEVELOPMENT_TEAM = A8BJCM354Q;
				GENERATE_INFOPLIST_FILE = YES;
				IPHONEOS_DEPLOYMENT_TARGET = 17.0;
				MARKETING_VERSION = 1.0;
				PRODUCT_BUNDLE_IDENTIFIER = com.palabiyik.BoredSUITests;
				PRODUCT_NAME = "$(TARGET_NAME)";
				SWIFT_EMIT_LOC_STRINGS = NO;
				SWIFT_VERSION = 5.0;
				TARGETED_DEVICE_FAMILY = "1,2";
				TEST_HOST = "$(BUILT_PRODUCTS_DIR)/BoredSUI.app/$(BUNDLE_EXECUTABLE_FOLDER_PATH)/BoredSUI";
			};
			name = Debug;
		};
		BC57CD962C3D8929003D0266 /* Release */ = {
			isa = XCBuildConfiguration;
			buildSettings = {
				ALWAYS_EMBED_SWIFT_STANDARD_LIBRARIES = YES;
				BUNDLE_LOADER = "$(TEST_HOST)";
				CODE_SIGN_STYLE = Automatic;
				CURRENT_PROJECT_VERSION = 1;
				DEVELOPMENT_TEAM = A8BJCM354Q;
				GENERATE_INFOPLIST_FILE = YES;
				IPHONEOS_DEPLOYMENT_TARGET = 17.0;
				MARKETING_VERSION = 1.0;
				PRODUCT_BUNDLE_IDENTIFIER = com.palabiyik.BoredSUITests;
				PRODUCT_NAME = "$(TARGET_NAME)";
				SWIFT_EMIT_LOC_STRINGS = NO;
				SWIFT_VERSION = 5.0;
				TARGETED_DEVICE_FAMILY = "1,2";
				TEST_HOST = "$(BUILT_PRODUCTS_DIR)/BoredSUI.app/$(BUNDLE_EXECUTABLE_FOLDER_PATH)/BoredSUI";
			};
			name = Release;
		};
		BC57CD982C3D8929003D0266 /* Debug */ = {
			isa = XCBuildConfiguration;
			buildSettings = {
				ALWAYS_EMBED_SWIFT_STANDARD_LIBRARIES = YES;
				CODE_SIGN_STYLE = Automatic;
				CURRENT_PROJECT_VERSION = 1;
				DEVELOPMENT_TEAM = A8BJCM354Q;
				GENERATE_INFOPLIST_FILE = YES;
				MARKETING_VERSION = 1.0;
				PRODUCT_BUNDLE_IDENTIFIER = com.palabiyik.BoredSUIUITests;
				PRODUCT_NAME = "$(TARGET_NAME)";
				SWIFT_EMIT_LOC_STRINGS = NO;
				SWIFT_VERSION = 5.0;
				TARGETED_DEVICE_FAMILY = "1,2";
				TEST_TARGET_NAME = BoredSUI;
			};
			name = Debug;
		};
		BC57CD992C3D8929003D0266 /* Release */ = {
			isa = XCBuildConfiguration;
			buildSettings = {
				ALWAYS_EMBED_SWIFT_STANDARD_LIBRARIES = YES;
				CODE_SIGN_STYLE = Automatic;
				CURRENT_PROJECT_VERSION = 1;
				DEVELOPMENT_TEAM = A8BJCM354Q;
				GENERATE_INFOPLIST_FILE = YES;
				MARKETING_VERSION = 1.0;
				PRODUCT_BUNDLE_IDENTIFIER = com.palabiyik.BoredSUIUITests;
				PRODUCT_NAME = "$(TARGET_NAME)";
				SWIFT_EMIT_LOC_STRINGS = NO;
				SWIFT_VERSION = 5.0;
				TARGETED_DEVICE_FAMILY = "1,2";
				TEST_TARGET_NAME = BoredSUI;
			};
			name = Release;
		};
/* End XCBuildConfiguration section */

/* Begin XCConfigurationList section */
		BC57CD682C3D8926003D0266 /* Build configuration list for PBXProject "BoredSUI" */ = {
			isa = XCConfigurationList;
			buildConfigurations = (
				BC57CD8F2C3D8929003D0266 /* Debug */,
				BC57CD902C3D8929003D0266 /* Release */,
			);
			defaultConfigurationIsVisible = 0;
			defaultConfigurationName = Release;
		};
		BC57CD912C3D8929003D0266 /* Build configuration list for PBXNativeTarget "BoredSUI" */ = {
			isa = XCConfigurationList;
			buildConfigurations = (
				BC57CD922C3D8929003D0266 /* Debug */,
				BC57CD932C3D8929003D0266 /* Release */,
			);
			defaultConfigurationIsVisible = 0;
			defaultConfigurationName = Release;
		};
		BC57CD942C3D8929003D0266 /* Build configuration list for PBXNativeTarget "BoredSUITests" */ = {
			isa = XCConfigurationList;
			buildConfigurations = (
				BC57CD952C3D8929003D0266 /* Debug */,
				BC57CD962C3D8929003D0266 /* Release */,
			);
			defaultConfigurationIsVisible = 0;
			defaultConfigurationName = Release;
		};
		BC57CD972C3D8929003D0266 /* Build configuration list for PBXNativeTarget "BoredSUIUITests" */ = {
			isa = XCConfigurationList;
			buildConfigurations = (
				BC57CD982C3D8929003D0266 /* Debug */,
				BC57CD992C3D8929003D0266 /* Release */,
			);
			defaultConfigurationIsVisible = 0;
			defaultConfigurationName = Release;
		};
/* End XCConfigurationList section */
	};
	rootObject = BC57CD652C3D8926003D0266 /* Project object */;
}
